
Microsoft Visual Studio Solution File, Format Version 12.00
# Visual Studio Version 17
VisualStudioVersion = 17.4.33213.308
MinimumVisualStudioVersion = 10.0.40219.1
Project("{9A19103F-16F7-4668-BE54-9A1E7A4F7556}") = "RogueConsole", "RogueConsole\RogueConsole.csproj", "{C88FA9EA-8A3F-48DC-AAE9-CB933FB5C088}"
EndProject
Project("{9A19103F-16F7-4668-BE54-9A1E7A4F7556}") = "raylib_testi", "raylib_testi\raylib_testi.csproj", "{B887D83C-4618-4076-8F86-0C2EB7A066D9}"
EndProject
Global
	GlobalSection(SolutionConfigurationPlatforms) = preSolution
		Debug|Any CPU = Debug|Any CPU
		Release|Any CPU = Release|Any CPU
	EndGlobalSection
	GlobalSection(ProjectConfigurationPlatforms) = postSolution
		{C88FA9EA-8A3F-48DC-AAE9-CB933FB5C088}.Debug|Any CPU.ActiveCfg = Debug|Any CPU
		{C88FA9EA-8A3F-48DC-AAE9-CB933FB5C088}.Debug|Any CPU.Build.0 = Debug|Any CPU
		{C88FA9EA-8A3F-48DC-AAE9-CB933FB5C088}.Release|Any CPU.ActiveCfg = Release|Any CPU
		{C88FA9EA-8A3F-48DC-AAE9-CB933FB5C088}.Release|Any CPU.Build.0 = Release|Any CPU
		{B887D83C-4618-4076-8F86-0C2EB7A066D9}.Debug|Any CPU.ActiveCfg = Debug|Any CPU
		{B887D83C-4618-4076-8F86-0C2EB7A066D9}.Debug|Any CPU.Build.0 = Debug|Any CPU
		{B887D83C-4618-4076-8F86-0C2EB7A066D9}.Release|Any CPU.ActiveCfg = Release|Any CPU
		{B887D83C-4618-4076-8F86-0C2EB7A066D9}.Release|Any CPU.Build.0 = Release|Any CPU
	EndGlobalSection
	GlobalSection(SolutionProperties) = preSolution
		HideSolutionNode = FALSE
	EndGlobalSection
	GlobalSection(ExtensibilityGlobals) = postSolution
		SolutionGuid = {A32B0E97-C584-47AA-AC0E-BE97126C604C}
	EndGlobalSection
EndGlobal
